
﻿
Microsoft Visual Studio Solution File, Format Version 11.00
# Visual Studio 2010
Project("{FAE04EC0-301F-11D3-BF4B-00C04F79EFBC}") = "PingPong", "PingPong\PingPong\PingPong.csproj", "{E2A8A83A-52B0-4001-8146-AEE630838A37}"
EndProject
Project("{FAE04EC0-301F-11D3-BF4B-00C04F79EFBC}") = "PingPongContent", "PingPong\PingPongContent\PingPongContent.contentproj", "{AF53CB3B-9F4A-48AB-A35B-E1D18AF956AC}"
EndProject
Global
	GlobalSection(SolutionConfigurationPlatforms) = preSolution
		Debug|x86 = Debug|x86
		Release|x86 = Release|x86
	EndGlobalSection
	GlobalSection(ProjectConfigurationPlatforms) = postSolution
		{E2A8A83A-52B0-4001-8146-AEE630838A37}.Debug|x86.ActiveCfg = Debug|x86
		{E2A8A83A-52B0-4001-8146-AEE630838A37}.Debug|x86.Build.0 = Debug|x86
		{E2A8A83A-52B0-4001-8146-AEE630838A37}.Release|x86.ActiveCfg = Release|x86
		{E2A8A83A-52B0-4001-8146-AEE630838A37}.Release|x86.Build.0 = Release|x86
		{AF53CB3B-9F4A-48AB-A35B-E1D18AF956AC}.Debug|x86.ActiveCfg = Debug|x86
		{AF53CB3B-9F4A-48AB-A35B-E1D18AF956AC}.Release|x86.ActiveCfg = Release|x86
	EndGlobalSection
	GlobalSection(SolutionProperties) = preSolution
		HideSolutionNode = FALSE
	EndGlobalSection
EndGlobal
